
Microsoft Visual Studio Solution File, Format Version 12.00
# Visual Studio Version 16
VisualStudioVersion = 16.0.30523.141
MinimumVisualStudioVersion = 10.0.40219.1
Project("{9A19103F-16F7-4668-BE54-9A1E7A4F7556}") = "ServerSideLogAnalyzer", "ServerSideLogAnalyzer.csproj", "{3A869181-6C00-4874-A49C-716556DE9E72}"
EndProject
Project("{9A19103F-16F7-4668-BE54-9A1E7A4F7556}") = "DataLibrary", "..\DataLibrary\DataLibrary.csproj", "{83B198C5-1EF9-4CD4-9743-FF7785FB572E}"
EndProject
Project("{2150E333-8FDC-42A3-9474-1A3956D46DE8}") = "BlazorLogAnalyzer", "BlazorLogAnalyzer", "{5C845E77-7FBE-4976-AFD7-5EEE74FC4594}"
EndProject
Global
	GlobalSection(SolutionConfigurationPlatforms) = preSolution
		Debug|Any CPU = Debug|Any CPU
		Release|Any CPU = Release|Any CPU
	EndGlobalSection
	GlobalSection(ProjectConfigurationPlatforms) = postSolution
		{3A869181-6C00-4874-A49C-716556DE9E72}.Debug|Any CPU.ActiveCfg = Debug|Any CPU
		{3A869181-6C00-4874-A49C-716556DE9E72}.Debug|Any CPU.Build.0 = Debug|Any CPU
		{3A869181-6C00-4874-A49C-716556DE9E72}.Release|Any CPU.ActiveCfg = Release|Any CPU
		{3A869181-6C00-4874-A49C-716556DE9E72}.Release|Any CPU.Build.0 = Release|Any CPU
		{83B198C5-1EF9-4CD4-9743-FF7785FB572E}.Debug|Any CPU.ActiveCfg = Debug|Any CPU
		{83B198C5-1EF9-4CD4-9743-FF7785FB572E}.Debug|Any CPU.Build.0 = Debug|Any CPU
		{83B198C5-1EF9-4CD4-9743-FF7785FB572E}.Release|Any CPU.ActiveCfg = Release|Any CPU
		{83B198C5-1EF9-4CD4-9743-FF7785FB572E}.Release|Any CPU.Build.0 = Release|Any CPU
	EndGlobalSection
	GlobalSection(SolutionProperties) = preSolution
		HideSolutionNode = FALSE
	EndGlobalSection
	GlobalSection(NestedProjects) = preSolution
		{3A869181-6C00-4874-A49C-716556DE9E72} = {5C845E77-7FBE-4976-AFD7-5EEE74FC4594}
		{83B198C5-1EF9-4CD4-9743-FF7785FB572E} = {5C845E77-7FBE-4976-AFD7-5EEE74FC4594}
	EndGlobalSection
	GlobalSection(ExtensibilityGlobals) = postSolution
		SolutionGuid = {4418A1A9-9219-4BF5-964B-B23FE7908787}
	EndGlobalSection
EndGlobal
